
Microsoft Visual Studio Solution File, Format Version 12.00
# Visual Studio Version 16
VisualStudioVersion = 16.0.30330.147
MinimumVisualStudioVersion = 10.0.40219.1
Project("{FAE04EC0-301F-11D3-BF4B-00C04F79EFBC}") = "RobotsVsDinosaurs", "RobotsVsDinosaurs\RobotsVsDinosaurs.csproj", "{1A2EDAE4-A248-4CBD-B0C0-7CFD199EC69C}"
EndProject
Global
	GlobalSection(SolutionConfigurationPlatforms) = preSolution
		Debug|Any CPU = Debug|Any CPU
		Release|Any CPU = Release|Any CPU
	EndGlobalSection
	GlobalSection(ProjectConfigurationPlatforms) = postSolution
		{1A2EDAE4-A248-4CBD-B0C0-7CFD199EC69C}.Debug|Any CPU.ActiveCfg = Debug|Any CPU
		{1A2EDAE4-A248-4CBD-B0C0-7CFD199EC69C}.Debug|Any CPU.Build.0 = Debug|Any CPU
		{1A2EDAE4-A248-4CBD-B0C0-7CFD199EC69C}.Release|Any CPU.ActiveCfg = Release|Any CPU
		{1A2EDAE4-A248-4CBD-B0C0-7CFD199EC69C}.Release|Any CPU.Build.0 = Release|Any CPU
	EndGlobalSection
	GlobalSection(SolutionProperties) = preSolution
		HideSolutionNode = FALSE
	EndGlobalSection
	GlobalSection(ExtensibilityGlobals) = postSolution
		SolutionGuid = {02AAF313-EE83-4D05-995A-EEFBB99BFE7C}
	EndGlobalSection
EndGlobal
